
Microsoft Visual Studio Solution File, Format Version 12.00
# Visual Studio Version 17
VisualStudioVersion = 17.11.35327.3
MinimumVisualStudioVersion = 10.0.40219.1
Project("{FAE04EC0-301F-11D3-BF4B-00C04F79EFBC}") = "StringLek", "StringLek.csproj", "{DA8D86E2-CD08-4065-AA45-AFAC4ED7ACC2}"
EndProject
Global
	GlobalSection(SolutionConfigurationPlatforms) = preSolution
		Debug|Any CPU = Debug|Any CPU
		Release|Any CPU = Release|Any CPU
	EndGlobalSection
	GlobalSection(ProjectConfigurationPlatforms) = postSolution
		{DA8D86E2-CD08-4065-AA45-AFAC4ED7ACC2}.Debug|Any CPU.ActiveCfg = Debug|Any CPU
		{DA8D86E2-CD08-4065-AA45-AFAC4ED7ACC2}.Debug|Any CPU.Build.0 = Debug|Any CPU
		{DA8D86E2-CD08-4065-AA45-AFAC4ED7ACC2}.Release|Any CPU.ActiveCfg = Release|Any CPU
		{DA8D86E2-CD08-4065-AA45-AFAC4ED7ACC2}.Release|Any CPU.Build.0 = Release|Any CPU
	EndGlobalSection
	GlobalSection(SolutionProperties) = preSolution
		HideSolutionNode = FALSE
	EndGlobalSection
	GlobalSection(ExtensibilityGlobals) = postSolution
		SolutionGuid = {8B8EF318-7E8F-43F1-A165-4E232451EC0F}
	EndGlobalSection
EndGlobal
